// !$*UTF8*$!
{
	archiveVersion = 1;
	classes = {
	};
	objectVersion = 50;
	objects = {

/* Begin PBXBuildFile section */
		3716F57B20BA8BA7008BA3EA /* PlaceCell.swift in Sources */ = {isa = PBXBuildFile; fileRef = 3716F57A20BA8BA7008BA3EA /* PlaceCell.swift */; };
		3716F57D20BA8CEF008BA3EA /* UIView+Additions.swift in Sources */ = {isa = PBXBuildFile; fileRef = 3716F57C20BA8CEF008BA3EA /* UIView+Additions.swift */; };
		3716F57F20BA8FFB008BA3EA /* ReusableView.swift in Sources */ = {isa = PBXBuildFile; fileRef = 3716F57E20BA8FFB008BA3EA /* ReusableView.swift */; };
		3716F58220BA9978008BA3EA /* ImageDownloader.swift in Sources */ = {isa = PBXBuildFile; fileRef = 3716F58120BA9978008BA3EA /* ImageDownloader.swift */; };
		3768140820B9479E00C89AE7 /* AppDelegate.swift in Sources */ = {isa = PBXBuildFile; fileRef = 3768140720B9479E00C89AE7 /* AppDelegate.swift */; };
		3768140D20B9479E00C89AE7 /* Main.storyboard in Resources */ = {isa = PBXBuildFile; fileRef = 3768140B20B9479E00C89AE7 /* Main.storyboard */; };
		3768140F20B9479F00C89AE7 /* Assets.xcassets in Resources */ = {isa = PBXBuildFile; fileRef = 3768140E20B9479F00C89AE7 /* Assets.xcassets */; };
		3768141220B9479F00C89AE7 /* LaunchScreen.storyboard in Resources */ = {isa = PBXBuildFile; fileRef = 3768141020B9479F00C89AE7 /* LaunchScreen.storyboard */; };
		3768141D20B9479F00C89AE7 /* EatterTests.swift in Sources */ = {isa = PBXBuildFile; fileRef = 3768141C20B9479F00C89AE7 /* EatterTests.swift */; };
		3768143020B9529500C89AE7 /* Coordinator.swift in Sources */ = {isa = PBXBuildFile; fileRef = 3768142F20B9529500C89AE7 /* Coordinator.swift */; };
		3768143220B9531900C89AE7 /* SearchCoordinator.swift in Sources */ = {isa = PBXBuildFile; fileRef = 3768143120B9531900C89AE7 /* SearchCoordinator.swift */; };
		3768143B20B9550E00C89AE7 /* Navigator.swift in Sources */ = {isa = PBXBuildFile; fileRef = 3768143A20B9550E00C89AE7 /* Navigator.swift */; };
		3768143F20B9572900C89AE7 /* SearchPresenter.swift in Sources */ = {isa = PBXBuildFile; fileRef = 3768143E20B9572900C89AE7 /* SearchPresenter.swift */; };
		3768144120B9577500C89AE7 /* SearchViewController.swift in Sources */ = {isa = PBXBuildFile; fileRef = 3768144020B9577500C89AE7 /* SearchViewController.swift */; };
		3768144320B957D100C89AE7 /* SearchViewInputOutput.swift in Sources */ = {isa = PBXBuildFile; fileRef = 3768144220B957D100C89AE7 /* SearchViewInputOutput.swift */; };
		3768144620B959A200C89AE7 /* Colors.swift in Sources */ = {isa = PBXBuildFile; fileRef = 3768144520B959A200C89AE7 /* Colors.swift */; };
		3768144820B959D800C89AE7 /* Fonts.swift in Sources */ = {isa = PBXBuildFile; fileRef = 3768144720B959D800C89AE7 /* Fonts.swift */; };
		3768144B20B95A4100C89AE7 /* UILabel+Additions.swift in Sources */ = {isa = PBXBuildFile; fileRef = 3768144A20B95A4100C89AE7 /* UILabel+Additions.swift */; };
		3768144E20B95B7200C89AE7 /* ViewControllerFactory.swift in Sources */ = {isa = PBXBuildFile; fileRef = 3768144D20B95B7200C89AE7 /* ViewControllerFactory.swift */; };
		3768145020B95B9400C89AE7 /* Storyboard.swift in Sources */ = {isa = PBXBuildFile; fileRef = 3768144F20B95B9400C89AE7 /* Storyboard.swift */; };
		3768145420B976A600C89AE7 /* Validator.swift in Sources */ = {isa = PBXBuildFile; fileRef = 3768145320B976A600C89AE7 /* Validator.swift */; };
		3768145620B97DEC00C89AE7 /* UITextField+Additions.swift in Sources */ = {isa = PBXBuildFile; fileRef = 3768145520B97DEC00C89AE7 /* UITextField+Additions.swift */; };
		3768145820B97E7900C89AE7 /* UIButton+Additions.swift in Sources */ = {isa = PBXBuildFile; fileRef = 3768145720B97E7900C89AE7 /* UIButton+Additions.swift */; };
		3768145A20B9803300C89AE7 /* KeyboardProtocol.swift in Sources */ = {isa = PBXBuildFile; fileRef = 3768145920B9803300C89AE7 /* KeyboardProtocol.swift */; };
		3768145D20B993FA00C89AE7 /* LocationService.swift in Sources */ = {isa = PBXBuildFile; fileRef = 3768145C20B993FA00C89AE7 /* LocationService.swift */; };
		3768146D20B9A90C00C89AE7 /* LocationPermission.swift in Sources */ = {isa = PBXBuildFile; fileRef = 3768146C20B9A90C00C89AE7 /* LocationPermission.swift */; };
		3768147020B9CECD00C89AE7 /* RestaurantsService.swift in Sources */ = {isa = PBXBuildFile; fileRef = 3768146F20B9CECD00C89AE7 /* RestaurantsService.swift */; };
		3768149E20B9CFA400C89AE7 /* Commons.swift in Sources */ = {isa = PBXBuildFile; fileRef = 3768148E20B9CFA400C89AE7 /* Commons.swift */; };
		3768149F20B9CFA400C89AE7 /* ServerConfig.swift in Sources */ = {isa = PBXBuildFile; fileRef = 3768149020B9CFA400C89AE7 /* ServerConfig.swift */; };
		376814A020B9CFA400C89AE7 /* ServerResponse.swift in Sources */ = {isa = PBXBuildFile; fileRef = 3768149220B9CFA400C89AE7 /* ServerResponse.swift */; };
		376814A120B9CFA400C89AE7 /* RestaurantResponseItem.swift in Sources */ = {isa = PBXBuildFile; fileRef = 3768149420B9CFA400C89AE7 /* RestaurantResponseItem.swift */; };
		376814A220B9CFA400C89AE7 /* NetworkServiceProtocol.swift in Sources */ = {isa = PBXBuildFile; fileRef = 3768149620B9CFA400C89AE7 /* NetworkServiceProtocol.swift */; };
		376814A320B9CFA400C89AE7 /* NetworkService.swift in Sources */ = {isa = PBXBuildFile; fileRef = 3768149720B9CFA400C89AE7 /* NetworkService.swift */; };
		376814A420B9CFA400C89AE7 /* RequestProtocol.swift in Sources */ = {isa = PBXBuildFile; fileRef = 3768149920B9CFA400C89AE7 /* RequestProtocol.swift */; };
		376814A520B9CFA400C89AE7 /* Request.swift in Sources */ = {isa = PBXBuildFile; fileRef = 3768149A20B9CFA400C89AE7 /* Request.swift */; };
		376814A620B9CFA400C89AE7 /* NetworkClient.swift in Sources */ = {isa = PBXBuildFile; fileRef = 3768149C20B9CFA400C89AE7 /* NetworkClient.swift */; };
		376814A720B9CFA400C89AE7 /* NetworkError.swift in Sources */ = {isa = PBXBuildFile; fileRef = 3768149D20B9CFA400C89AE7 /* NetworkError.swift */; };
		376814A920B9D0D800C89AE7 /* String+Additions.swift in Sources */ = {isa = PBXBuildFile; fileRef = 376814A820B9D0D800C89AE7 /* String+Additions.swift */; };
		376814AB20B9D11B00C89AE7 /* Dictionary+Additions.swift in Sources */ = {isa = PBXBuildFile; fileRef = 376814AA20B9D11B00C89AE7 /* Dictionary+Additions.swift */; };
		376814AE20B9D17600C89AE7 /* AppService.swift in Sources */ = {isa = PBXBuildFile; fileRef = 376814AD20B9D17600C89AE7 /* AppService.swift */; };
		376814B020B9D80C00C89AE7 /* RestaurantsRequestParams.swift in Sources */ = {isa = PBXBuildFile; fileRef = 376814AF20B9D80C00C89AE7 /* RestaurantsRequestParams.swift */; };
		376814B220B9D83B00C89AE7 /* JSONSerializable.swift in Sources */ = {isa = PBXBuildFile; fileRef = 376814B120B9D83B00C89AE7 /* JSONSerializable.swift */; };
		376814B420B9E4B000C89AE7 /* SearchFlowDelegate.swift in Sources */ = {isa = PBXBuildFile; fileRef = 376814B320B9E4B000C89AE7 /* SearchFlowDelegate.swift */; };
		376814B620B9E5BF00C89AE7 /* AlertPresentable.swift in Sources */ = {isa = PBXBuildFile; fileRef = 376814B520B9E5BF00C89AE7 /* AlertPresentable.swift */; };
		376814BA20B9E66F00C89AE7 /* ResultsViewController.swift in Sources */ = {isa = PBXBuildFile; fileRef = 376814B920B9E66F00C89AE7 /* ResultsViewController.swift */; };
		376814BC20B9E69000C89AE7 /* ResultsPresenter.swift in Sources */ = {isa = PBXBuildFile; fileRef = 376814BB20B9E69000C89AE7 /* ResultsPresenter.swift */; };
		376814BE20B9E6DE00C89AE7 /* ResultsViewInputOutput.swift in Sources */ = {isa = PBXBuildFile; fileRef = 376814BD20B9E6DE00C89AE7 /* ResultsViewInputOutput.swift */; };
		376814C220B9E74C00C89AE7 /* PlaceViewModel.swift in Sources */ = {isa = PBXBuildFile; fileRef = 376814C120B9E74C00C89AE7 /* PlaceViewModel.swift */; };
/* End PBXBuildFile section */

/* Begin PBXContainerItemProxy section */
		3768141920B9479F00C89AE7 /* PBXContainerItemProxy */ = {
			isa = PBXContainerItemProxy;
			containerPortal = 376813FC20B9479E00C89AE7 /* Project object */;
			proxyType = 1;
			remoteGlobalIDString = 3768140320B9479E00C89AE7;
			remoteInfo = Eatter;
		};
/* End PBXContainerItemProxy section */

/* Begin PBXFileReference section */
		3716F57A20BA8BA7008BA3EA /* PlaceCell.swift */ = {isa = PBXFileReference; lastKnownFileType = sourcecode.swift; path = PlaceCell.swift; sourceTree = "<group>"; };
		3716F57C20BA8CEF008BA3EA /* UIView+Additions.swift */ = {isa = PBXFileReference; lastKnownFileType = sourcecode.swift; path = "UIView+Additions.swift"; sourceTree = "<group>"; };
		3716F57E20BA8FFB008BA3EA /* ReusableView.swift */ = {isa = PBXFileReference; lastKnownFileType = sourcecode.swift; path = ReusableView.swift; sourceTree = "<group>"; };
		3716F58120BA9978008BA3EA /* ImageDownloader.swift */ = {isa = PBXFileReference; lastKnownFileType = sourcecode.swift; path = ImageDownloader.swift; sourceTree = "<group>"; };
		3768140420B9479E00C89AE7 /* Eatter.app */ = {isa = PBXFileReference; explicitFileType = wrapper.application; includeInIndex = 0; path = Eatter.app; sourceTree = BUILT_PRODUCTS_DIR; };
		3768140720B9479E00C89AE7 /* AppDelegate.swift */ = {isa = PBXFileReference; lastKnownFileType = sourcecode.swift; path = AppDelegate.swift; sourceTree = "<group>"; };
		3768140C20B9479E00C89AE7 /* Base */ = {isa = PBXFileReference; lastKnownFileType = file.storyboard; name = Base; path = Base.lproj/Main.storyboard; sourceTree = "<group>"; };
		3768140E20B9479F00C89AE7 /* Assets.xcassets */ = {isa = PBXFileReference; lastKnownFileType = folder.assetcatalog; path = Assets.xcassets; sourceTree = "<group>"; };
		3768141120B9479F00C89AE7 /* Base */ = {isa = PBXFileReference; lastKnownFileType = file.storyboard; name = Base; path = Base.lproj/LaunchScreen.storyboard; sourceTree = "<group>"; };
		3768141320B9479F00C89AE7 /* Info.plist */ = {isa = PBXFileReference; lastKnownFileType = text.plist.xml; path = Info.plist; sourceTree = "<group>"; };
		3768141820B9479F00C89AE7 /* EatterTests.xctest */ = {isa = PBXFileReference; explicitFileType = wrapper.cfbundle; includeInIndex = 0; path = EatterTests.xctest; sourceTree = BUILT_PRODUCTS_DIR; };
		3768141C20B9479F00C89AE7 /* EatterTests.swift */ = {isa = PBXFileReference; lastKnownFileType = sourcecode.swift; path = EatterTests.swift; sourceTree = "<group>"; };
		3768141E20B9479F00C89AE7 /* Info.plist */ = {isa = PBXFileReference; lastKnownFileType = text.plist.xml; path = Info.plist; sourceTree = "<group>"; };
		3768142F20B9529500C89AE7 /* Coordinator.swift */ = {isa = PBXFileReference; lastKnownFileType = sourcecode.swift; path = Coordinator.swift; sourceTree = "<group>"; };
		3768143120B9531900C89AE7 /* SearchCoordinator.swift */ = {isa = PBXFileReference; lastKnownFileType = sourcecode.swift; path = SearchCoordinator.swift; sourceTree = "<group>"; };
		3768143A20B9550E00C89AE7 /* Navigator.swift */ = {isa = PBXFileReference; lastKnownFileType = sourcecode.swift; path = Navigator.swift; sourceTree = "<group>"; };
		3768143E20B9572900C89AE7 /* SearchPresenter.swift */ = {isa = PBXFileReference; lastKnownFileType = sourcecode.swift; path = SearchPresenter.swift; sourceTree = "<group>"; };
		3768144020B9577500C89AE7 /* SearchViewController.swift */ = {isa = PBXFileReference; lastKnownFileType = sourcecode.swift; path = SearchViewController.swift; sourceTree = "<group>"; };
		3768144220B957D100C89AE7 /* SearchViewInputOutput.swift */ = {isa = PBXFileReference; lastKnownFileType = sourcecode.swift; path = SearchViewInputOutput.swift; sourceTree = "<group>"; };
		3768144520B959A200C89AE7 /* Colors.swift */ = {isa = PBXFileReference; lastKnownFileType = sourcecode.swift; path = Colors.swift; sourceTree = "<group>"; };
		3768144720B959D800C89AE7 /* Fonts.swift */ = {isa = PBXFileReference; lastKnownFileType = sourcecode.swift; path = Fonts.swift; sourceTree = "<group>"; };
		3768144A20B95A4100C89AE7 /* UILabel+Additions.swift */ = {isa = PBXFileReference; lastKnownFileType = sourcecode.swift; path = "UILabel+Additions.swift"; sourceTree = "<group>"; };
		3768144D20B95B7200C89AE7 /* ViewControllerFactory.swift */ = {isa = PBXFileReference; lastKnownFileType = sourcecode.swift; path = ViewControllerFactory.swift; sourceTree = "<group>"; };
		3768144F20B95B9400C89AE7 /* Storyboard.swift */ = {isa = PBXFileReference; lastKnownFileType = sourcecode.swift; path = Storyboard.swift; sourceTree = "<group>"; };
		3768145320B976A600C89AE7 /* Validator.swift */ = {isa = PBXFileReference; lastKnownFileType = sourcecode.swift; path = Validator.swift; sourceTree = "<group>"; };
		3768145520B97DEC00C89AE7 /* UITextField+Additions.swift */ = {isa = PBXFileReference; lastKnownFileType = sourcecode.swift; path = "UITextField+Additions.swift"; sourceTree = "<group>"; };
		3768145720B97E7900C89AE7 /* UIButton+Additions.swift */ = {isa = PBXFileReference; lastKnownFileType = sourcecode.swift; path = "UIButton+Additions.swift"; sourceTree = "<group>"; };
		3768145920B9803300C89AE7 /* KeyboardProtocol.swift */ = {isa = PBXFileReference; lastKnownFileType = sourcecode.swift; path = KeyboardProtocol.swift; sourceTree = "<group>"; };
		3768145C20B993FA00C89AE7 /* LocationService.swift */ = {isa = PBXFileReference; lastKnownFileType = sourcecode.swift; path = LocationService.swift; sourceTree = "<group>"; };
		3768146C20B9A90C00C89AE7 /* LocationPermission.swift */ = {isa = PBXFileReference; lastKnownFileType = sourcecode.swift; path = LocationPermission.swift; sourceTree = "<group>"; };
		3768146F20B9CECD00C89AE7 /* RestaurantsService.swift */ = {isa = PBXFileReference; lastKnownFileType = sourcecode.swift; path = RestaurantsService.swift; sourceTree = "<group>"; };
		3768148E20B9CFA400C89AE7 /* Commons.swift */ = {isa = PBXFileReference; fileEncoding = 4; lastKnownFileType = sourcecode.swift; path = Commons.swift; sourceTree = "<group>"; };
		3768149020B9CFA400C89AE7 /* ServerConfig.swift */ = {isa = PBXFileReference; fileEncoding = 4; lastKnownFileType = sourcecode.swift; path = ServerConfig.swift; sourceTree = "<group>"; };
		3768149220B9CFA400C89AE7 /* ServerResponse.swift */ = {isa = PBXFileReference; fileEncoding = 4; lastKnownFileType = sourcecode.swift; path = ServerResponse.swift; sourceTree = "<group>"; };
		3768149420B9CFA400C89AE7 /* RestaurantResponseItem.swift */ = {isa = PBXFileReference; fileEncoding = 4; lastKnownFileType = sourcecode.swift; path = RestaurantResponseItem.swift; sourceTree = "<group>"; };
		3768149620B9CFA400C89AE7 /* NetworkServiceProtocol.swift */ = {isa = PBXFileReference; fileEncoding = 4; lastKnownFileType = sourcecode.swift; path = NetworkServiceProtocol.swift; sourceTree = "<group>"; };
		3768149720B9CFA400C89AE7 /* NetworkService.swift */ = {isa = PBXFileReference; fileEncoding = 4; lastKnownFileType = sourcecode.swift; path = NetworkService.swift; sourceTree = "<group>"; };
		3768149920B9CFA400C89AE7 /* RequestProtocol.swift */ = {isa = PBXFileReference; fileEncoding = 4; lastKnownFileType = sourcecode.swift; path = RequestProtocol.swift; sourceTree = "<group>"; };
		3768149A20B9CFA400C89AE7 /* Request.swift */ = {isa = PBXFileReference; fileEncoding = 4; lastKnownFileType = sourcecode.swift; path = Request.swift; sourceTree = "<group>"; };
		3768149C20B9CFA400C89AE7 /* NetworkClient.swift */ = {isa = PBXFileReference; fileEncoding = 4; lastKnownFileType = sourcecode.swift; path = NetworkClient.swift; sourceTree = "<group>"; };
		3768149D20B9CFA400C89AE7 /* NetworkError.swift */ = {isa = PBXFileReference; fileEncoding = 4; lastKnownFileType = sourcecode.swift; path = NetworkError.swift; sourceTree = "<group>"; };
		376814A820B9D0D800C89AE7 /* String+Additions.swift */ = {isa = PBXFileReference; lastKnownFileType = sourcecode.swift; path = "String+Additions.swift"; sourceTree = "<group>"; };
		376814AA20B9D11B00C89AE7 /* Dictionary+Additions.swift */ = {isa = PBXFileReference; lastKnownFileType = sourcecode.swift; path = "Dictionary+Additions.swift"; sourceTree = "<group>"; };
		376814AD20B9D17600C89AE7 /* AppService.swift */ = {isa = PBXFileReference; lastKnownFileType = sourcecode.swift; path = AppService.swift; sourceTree = "<group>"; };
		376814AF20B9D80C00C89AE7 /* RestaurantsRequestParams.swift */ = {isa = PBXFileReference; lastKnownFileType = sourcecode.swift; path = RestaurantsRequestParams.swift; sourceTree = "<group>"; };
		376814B120B9D83B00C89AE7 /* JSONSerializable.swift */ = {isa = PBXFileReference; lastKnownFileType = sourcecode.swift; path = JSONSerializable.swift; sourceTree = "<group>"; };
		376814B320B9E4B000C89AE7 /* SearchFlowDelegate.swift */ = {isa = PBXFileReference; lastKnownFileType = sourcecode.swift; path = SearchFlowDelegate.swift; sourceTree = "<group>"; };
		376814B520B9E5BF00C89AE7 /* AlertPresentable.swift */ = {isa = PBXFileReference; lastKnownFileType = sourcecode.swift; path = AlertPresentable.swift; sourceTree = "<group>"; };
		376814B920B9E66F00C89AE7 /* ResultsViewController.swift */ = {isa = PBXFileReference; lastKnownFileType = sourcecode.swift; path = ResultsViewController.swift; sourceTree = "<group>"; };
		376814BB20B9E69000C89AE7 /* ResultsPresenter.swift */ = {isa = PBXFileReference; lastKnownFileType = sourcecode.swift; path = ResultsPresenter.swift; sourceTree = "<group>"; };
		376814BD20B9E6DE00C89AE7 /* ResultsViewInputOutput.swift */ = {isa = PBXFileReference; lastKnownFileType = sourcecode.swift; path = ResultsViewInputOutput.swift; sourceTree = "<group>"; };
		376814C120B9E74C00C89AE7 /* PlaceViewModel.swift */ = {isa = PBXFileReference; lastKnownFileType = sourcecode.swift; path = PlaceViewModel.swift; sourceTree = "<group>"; };
/* End PBXFileReference section */

/* Begin PBXFrameworksBuildPhase section */
		3768140120B9479E00C89AE7 /* Frameworks */ = {
			isa = PBXFrameworksBuildPhase;
			buildActionMask = 2147483647;
			files = (
			);
			runOnlyForDeploymentPostprocessing = 0;
		};
		3768141520B9479F00C89AE7 /* Frameworks */ = {
			isa = PBXFrameworksBuildPhase;
			buildActionMask = 2147483647;
			files = (
			);
			runOnlyForDeploymentPostprocessing = 0;
		};
/* End PBXFrameworksBuildPhase section */

/* Begin PBXGroup section */
		3716F57920BA8B7C008BA3EA /* PlaceCell */ = {
			isa = PBXGroup;
			children = (
				3716F57A20BA8BA7008BA3EA /* PlaceCell.swift */,
			);
			path = PlaceCell;
			sourceTree = "<group>";
		};
		3716F58020BA9965008BA3EA /* ImageDownloader */ = {
			isa = PBXGroup;
			children = (
				3716F58120BA9978008BA3EA /* ImageDownloader.swift */,
			);
			path = ImageDownloader;
			sourceTree = "<group>";
		};
		376813FB20B9479E00C89AE7 = {
			isa = PBXGroup;
			children = (
				3768140620B9479E00C89AE7 /* Eatter */,
				3768141B20B9479F00C89AE7 /* EatterTests */,
				3768140520B9479E00C89AE7 /* Products */,
			);
			sourceTree = "<group>";
		};
		3768140520B9479E00C89AE7 /* Products */ = {
			isa = PBXGroup;
			children = (
				3768140420B9479E00C89AE7 /* Eatter.app */,
				3768141820B9479F00C89AE7 /* EatterTests.xctest */,
			);
			name = Products;
			sourceTree = "<group>";
		};
		3768140620B9479E00C89AE7 /* Eatter */ = {
			isa = PBXGroup;
			children = (
				3768142820B9480E00C89AE7 /* Resources */,
				3768142920B9481B00C89AE7 /* ApplicationLayer */,
				3768142720B9480200C89AE7 /* PresentationLayer */,
				3768142A20B9482800C89AE7 /* Core Layer */,
			);
			path = Eatter;
			sourceTree = "<group>";
		};
		3768141B20B9479F00C89AE7 /* EatterTests */ = {
			isa = PBXGroup;
			children = (
				3768141C20B9479F00C89AE7 /* EatterTests.swift */,
				3768141E20B9479F00C89AE7 /* Info.plist */,
			);
			path = EatterTests;
			sourceTree = "<group>";
		};
		3768142720B9480200C89AE7 /* PresentationLayer */ = {
			isa = PBXGroup;
			children = (
				3768142B20B9485000C89AE7 /* PresentationCommonGroup */,
				3768143420B9544100C89AE7 /* SearchModule */,
			);
			path = PresentationLayer;
			sourceTree = "<group>";
		};
		3768142820B9480E00C89AE7 /* Resources */ = {
			isa = PBXGroup;
			children = (
				3768140E20B9479F00C89AE7 /* Assets.xcassets */,
				3768141320B9479F00C89AE7 /* Info.plist */,
			);
			path = Resources;
			sourceTree = "<group>";
		};
		3768142920B9481B00C89AE7 /* ApplicationLayer */ = {
			isa = PBXGroup;
			children = (
				3768140720B9479E00C89AE7 /* AppDelegate.swift */,
			);
			path = ApplicationLayer;
			sourceTree = "<group>";
		};
		3768142A20B9482800C89AE7 /* Core Layer */ = {
			isa = PBXGroup;
			children = (
				3768145120B9768100C89AE7 /* Services */,
				3768148D20B9CFA400C89AE7 /* Network Layer */,
				3768144920B95A2B00C89AE7 /* Extensions */,
				3768144420B9599100C89AE7 /* Styleguide */,
				3768143320B9542E00C89AE7 /* Protocols */,
			);
			path = "Core Layer";
			sourceTree = "<group>";
		};
		3768142B20B9485000C89AE7 /* PresentationCommonGroup */ = {
			isa = PBXGroup;
			children = (
				3768144C20B95B4900C89AE7 /* ViewControllerFactory */,
				3768143920B954DA00C89AE7 /* Navigator */,
				3768140B20B9479E00C89AE7 /* Main.storyboard */,
				3768141020B9479F00C89AE7 /* LaunchScreen.storyboard */,
			);
			path = PresentationCommonGroup;
			sourceTree = "<group>";
		};
		3768143320B9542E00C89AE7 /* Protocols */ = {
			isa = PBXGroup;
			children = (
				3768142F20B9529500C89AE7 /* Coordinator.swift */,
				3768145920B9803300C89AE7 /* KeyboardProtocol.swift */,
				376814B120B9D83B00C89AE7 /* JSONSerializable.swift */,
				376814B520B9E5BF00C89AE7 /* AlertPresentable.swift */,
				3716F57E20BA8FFB008BA3EA /* ReusableView.swift */,
			);
			path = Protocols;
			sourceTree = "<group>";
		};
		3768143420B9544100C89AE7 /* SearchModule */ = {
			isa = PBXGroup;
			children = (
				3768143820B9549800C89AE7 /* SearchCoordinator */,
				3768143520B9546D00C89AE7 /* Search */,
				3768143720B9547900C89AE7 /* Results */,
			);
			path = SearchModule;
			sourceTree = "<group>";
		};
		3768143520B9546D00C89AE7 /* Search */ = {
			isa = PBXGroup;
			children = (
				3768143C20B9570F00C89AE7 /* View */,
				3768143D20B9571400C89AE7 /* Presenter */,
			);
			path = Search;
			sourceTree = "<group>";
		};
		3768143720B9547900C89AE7 /* Results */ = {
			isa = PBXGroup;
			children = (
				376814B720B9E64E00C89AE7 /* View */,
				376814B820B9E65600C89AE7 /* Presenter */,
				376814BF20B9E72600C89AE7 /* ResultsCommonGroup */,
			);
			path = Results;
			sourceTree = "<group>";
		};
		3768143820B9549800C89AE7 /* SearchCoordinator */ = {
			isa = PBXGroup;
			children = (
				3768143120B9531900C89AE7 /* SearchCoordinator.swift */,
			);
			path = SearchCoordinator;
			sourceTree = "<group>";
		};
		3768143920B954DA00C89AE7 /* Navigator */ = {
			isa = PBXGroup;
			children = (
				3768143A20B9550E00C89AE7 /* Navigator.swift */,
			);
			path = Navigator;
			sourceTree = "<group>";
		};
		3768143C20B9570F00C89AE7 /* View */ = {
			isa = PBXGroup;
			children = (
				3768144020B9577500C89AE7 /* SearchViewController.swift */,
				3768144220B957D100C89AE7 /* SearchViewInputOutput.swift */,
			);
			path = View;
			sourceTree = "<group>";
		};
		3768143D20B9571400C89AE7 /* Presenter */ = {
			isa = PBXGroup;
			children = (
				3768143E20B9572900C89AE7 /* SearchPresenter.swift */,
				376814B320B9E4B000C89AE7 /* SearchFlowDelegate.swift */,
			);
			path = Presenter;
			sourceTree = "<group>";
		};
		3768144420B9599100C89AE7 /* Styleguide */ = {
			isa = PBXGroup;
			children = (
				3768144520B959A200C89AE7 /* Colors.swift */,
				3768144720B959D800C89AE7 /* Fonts.swift */,
			);
			path = Styleguide;
			sourceTree = "<group>";
		};
		3768144920B95A2B00C89AE7 /* Extensions */ = {
			isa = PBXGroup;
			children = (
				3768144A20B95A4100C89AE7 /* UILabel+Additions.swift */,
				3768145520B97DEC00C89AE7 /* UITextField+Additions.swift */,
				3768145720B97E7900C89AE7 /* UIButton+Additions.swift */,
				376814A820B9D0D800C89AE7 /* String+Additions.swift */,
				376814AA20B9D11B00C89AE7 /* Dictionary+Additions.swift */,
				3716F57C20BA8CEF008BA3EA /* UIView+Additions.swift */,
			);
			path = Extensions;
			sourceTree = "<group>";
		};
		3768144C20B95B4900C89AE7 /* ViewControllerFactory */ = {
			isa = PBXGroup;
			children = (
				3768144D20B95B7200C89AE7 /* ViewControllerFactory.swift */,
				3768144F20B95B9400C89AE7 /* Storyboard.swift */,
			);
			path = ViewControllerFactory;
			sourceTree = "<group>";
		};
		3768145120B9768100C89AE7 /* Services */ = {
			isa = PBXGroup;
			children = (
				3716F58020BA9965008BA3EA /* ImageDownloader */,
				376814AC20B9D16600C89AE7 /* AppService */,
				3768146E20B9CE7900C89AE7 /* RestaurantsService */,
				3768145B20B993E500C89AE7 /* LocationService */,
				3768145220B9768900C89AE7 /* Validator */,
			);
			path = Services;
			sourceTree = "<group>";
		};
		3768145220B9768900C89AE7 /* Validator */ = {
			isa = PBXGroup;
			children = (
				3768145320B976A600C89AE7 /* Validator.swift */,
			);
			path = Validator;
			sourceTree = "<group>";
		};
		3768145B20B993E500C89AE7 /* LocationService */ = {
			isa = PBXGroup;
			children = (
				3768145C20B993FA00C89AE7 /* LocationService.swift */,
				3768146C20B9A90C00C89AE7 /* LocationPermission.swift */,
			);
			path = LocationService;
			sourceTree = "<group>";
		};
		3768146E20B9CE7900C89AE7 /* RestaurantsService */ = {
			isa = PBXGroup;
			children = (
				3768146F20B9CECD00C89AE7 /* RestaurantsService.swift */,
				376814AF20B9D80C00C89AE7 /* RestaurantsRequestParams.swift */,
			);
			path = RestaurantsService;
			sourceTree = "<group>";
		};
		3768148D20B9CFA400C89AE7 /* Network Layer */ = {
			isa = PBXGroup;
			children = (
				3768148E20B9CFA400C89AE7 /* Commons.swift */,
				3768149D20B9CFA400C89AE7 /* NetworkError.swift */,
				3768148F20B9CFA400C89AE7 /* ServerConfig */,
				3768149120B9CFA400C89AE7 /* Resposnse */,
				3768149520B9CFA400C89AE7 /* NetworkService */,
				3768149820B9CFA400C89AE7 /* Request */,
				3768149B20B9CFA400C89AE7 /* NetworkClient */,
			);
			path = "Network Layer";
			sourceTree = "<group>";
		};
		3768148F20B9CFA400C89AE7 /* ServerConfig */ = {
			isa = PBXGroup;
			children = (
				3768149020B9CFA400C89AE7 /* ServerConfig.swift */,
			);
			path = ServerConfig;
			sourceTree = "<group>";
		};
		3768149120B9CFA400C89AE7 /* Resposnse */ = {
			isa = PBXGroup;
			children = (
				3768149220B9CFA400C89AE7 /* ServerResponse.swift */,
				3768149320B9CFA400C89AE7 /* ResponseItems */,
			);
			path = Resposnse;
			sourceTree = "<group>";
		};
		3768149320B9CFA400C89AE7 /* ResponseItems */ = {
			isa = PBXGroup;
			children = (
				3768149420B9CFA400C89AE7 /* RestaurantResponseItem.swift */,
			);
			path = ResponseItems;
			sourceTree = "<group>";
		};
		3768149520B9CFA400C89AE7 /* NetworkService */ = {
			isa = PBXGroup;
			children = (
				3768149620B9CFA400C89AE7 /* NetworkServiceProtocol.swift */,
				3768149720B9CFA400C89AE7 /* NetworkService.swift */,
			);
			path = NetworkService;
			sourceTree = "<group>";
		};
		3768149820B9CFA400C89AE7 /* Request */ = {
			isa = PBXGroup;
			children = (
				3768149920B9CFA400C89AE7 /* RequestProtocol.swift */,
				3768149A20B9CFA400C89AE7 /* Request.swift */,
			);
			path = Request;
			sourceTree = "<group>";
		};
		3768149B20B9CFA400C89AE7 /* NetworkClient */ = {
			isa = PBXGroup;
			children = (
				3768149C20B9CFA400C89AE7 /* NetworkClient.swift */,
			);
			path = NetworkClient;
			sourceTree = "<group>";
		};
		376814AC20B9D16600C89AE7 /* AppService */ = {
			isa = PBXGroup;
			children = (
				376814AD20B9D17600C89AE7 /* AppService.swift */,
			);
			path = AppService;
			sourceTree = "<group>";
		};
		376814B720B9E64E00C89AE7 /* View */ = {
			isa = PBXGroup;
			children = (
				376814B920B9E66F00C89AE7 /* ResultsViewController.swift */,
				376814BD20B9E6DE00C89AE7 /* ResultsViewInputOutput.swift */,
				3716F57920BA8B7C008BA3EA /* PlaceCell */,
			);
			path = View;
			sourceTree = "<group>";
		};
		376814B820B9E65600C89AE7 /* Presenter */ = {
			isa = PBXGroup;
			children = (
				376814BB20B9E69000C89AE7 /* ResultsPresenter.swift */,
			);
			path = Presenter;
			sourceTree = "<group>";
		};
		376814BF20B9E72600C89AE7 /* ResultsCommonGroup */ = {
			isa = PBXGroup;
			children = (
				376814C020B9E73800C89AE7 /* Models */,
			);
			path = ResultsCommonGroup;
			sourceTree = "<group>";
		};
		376814C020B9E73800C89AE7 /* Models */ = {
			isa = PBXGroup;
			children = (
				376814C120B9E74C00C89AE7 /* PlaceViewModel.swift */,
			);
			path = Models;
			sourceTree = "<group>";
		};
/* End PBXGroup section */

/* Begin PBXNativeTarget section */
		3768140320B9479E00C89AE7 /* Eatter */ = {
			isa = PBXNativeTarget;
			buildConfigurationList = 3768142120B9479F00C89AE7 /* Build configuration list for PBXNativeTarget "Eatter" */;
			buildPhases = (
				3768140020B9479E00C89AE7 /* Sources */,
				3768140120B9479E00C89AE7 /* Frameworks */,
				3768140220B9479E00C89AE7 /* Resources */,
			);
			buildRules = (
			);
			dependencies = (
			);
			name = Eatter;
			productName = Eatter;
			productReference = 3768140420B9479E00C89AE7 /* Eatter.app */;
			productType = "com.apple.product-type.application";
		};
		3768141720B9479F00C89AE7 /* EatterTests */ = {
			isa = PBXNativeTarget;
			buildConfigurationList = 3768142420B9479F00C89AE7 /* Build configuration list for PBXNativeTarget "EatterTests" */;
			buildPhases = (
				3768141420B9479F00C89AE7 /* Sources */,
				3768141520B9479F00C89AE7 /* Frameworks */,
				3768141620B9479F00C89AE7 /* Resources */,
			);
			buildRules = (
			);
			dependencies = (
				3768141A20B9479F00C89AE7 /* PBXTargetDependency */,
			);
			name = EatterTests;
			productName = EatterTests;
			productReference = 3768141820B9479F00C89AE7 /* EatterTests.xctest */;
			productType = "com.apple.product-type.bundle.unit-test";
		};
/* End PBXNativeTarget section */

/* Begin PBXProject section */
		376813FC20B9479E00C89AE7 /* Project object */ = {
			isa = PBXProject;
			attributes = {
				LastSwiftUpdateCheck = 0930;
				LastUpgradeCheck = 0930;
				ORGANIZATIONNAME = "Igor Savynskyi";
				TargetAttributes = {
					3768140320B9479E00C89AE7 = {
						CreatedOnToolsVersion = 9.3.1;
					};
					3768141720B9479F00C89AE7 = {
						CreatedOnToolsVersion = 9.3.1;
						TestTargetID = 3768140320B9479E00C89AE7;
					};
				};
			};
			buildConfigurationList = 376813FF20B9479E00C89AE7 /* Build configuration list for PBXProject "Eatter" */;
			compatibilityVersion = "Xcode 9.3";
			developmentRegion = en;
			hasScannedForEncodings = 0;
			knownRegions = (
				en,
				Base,
			);
			mainGroup = 376813FB20B9479E00C89AE7;
			productRefGroup = 3768140520B9479E00C89AE7 /* Products */;
			projectDirPath = "";
			projectRoot = "";
			targets = (
				3768140320B9479E00C89AE7 /* Eatter */,
				3768141720B9479F00C89AE7 /* EatterTests */,
			);
		};
/* End PBXProject section */

/* Begin PBXResourcesBuildPhase section */
		3768140220B9479E00C89AE7 /* Resources */ = {
			isa = PBXResourcesBuildPhase;
			buildActionMask = 2147483647;
			files = (
				3768141220B9479F00C89AE7 /* LaunchScreen.storyboard in Resources */,
				3768140F20B9479F00C89AE7 /* Assets.xcassets in Resources */,
				3768140D20B9479E00C89AE7 /* Main.storyboard in Resources */,
			);
			runOnlyForDeploymentPostprocessing = 0;
		};
		3768141620B9479F00C89AE7 /* Resources */ = {
			isa = PBXResourcesBuildPhase;
			buildActionMask = 2147483647;
			files = (
			);
			runOnlyForDeploymentPostprocessing = 0;
		};
/* End PBXResourcesBuildPhase section */

/* Begin PBXSourcesBuildPhase section */
		3768140020B9479E00C89AE7 /* Sources */ = {
			isa = PBXSourcesBuildPhase;
			buildActionMask = 2147483647;
			files = (
				3716F57B20BA8BA7008BA3EA /* PlaceCell.swift in Sources */,
				3768144120B9577500C89AE7 /* SearchViewController.swift in Sources */,
				376814A720B9CFA400C89AE7 /* NetworkError.swift in Sources */,
				3768144620B959A200C89AE7 /* Colors.swift in Sources */,
				3768144320B957D100C89AE7 /* SearchViewInputOutput.swift in Sources */,
				3768145820B97E7900C89AE7 /* UIButton+Additions.swift in Sources */,
				3716F58220BA9978008BA3EA /* ImageDownloader.swift in Sources */,
				3768145A20B9803300C89AE7 /* KeyboardProtocol.swift in Sources */,
				376814A320B9CFA400C89AE7 /* NetworkService.swift in Sources */,
				3768146D20B9A90C00C89AE7 /* LocationPermission.swift in Sources */,
				3768143220B9531900C89AE7 /* SearchCoordinator.swift in Sources */,
				3768149F20B9CFA400C89AE7 /* ServerConfig.swift in Sources */,
				376814B620B9E5BF00C89AE7 /* AlertPresentable.swift in Sources */,
				3716F57D20BA8CEF008BA3EA /* UIView+Additions.swift in Sources */,
				3768145420B976A600C89AE7 /* Validator.swift in Sources */,
				376814AB20B9D11B00C89AE7 /* Dictionary+Additions.swift in Sources */,
				376814A020B9CFA400C89AE7 /* ServerResponse.swift in Sources */,
				376814A620B9CFA400C89AE7 /* NetworkClient.swift in Sources */,
				376814BA20B9E66F00C89AE7 /* ResultsViewController.swift in Sources */,
				376814C220B9E74C00C89AE7 /* PlaceViewModel.swift in Sources */,
				376814A420B9CFA400C89AE7 /* RequestProtocol.swift in Sources */,
				3768145020B95B9400C89AE7 /* Storyboard.swift in Sources */,
				3768144B20B95A4100C89AE7 /* UILabel+Additions.swift in Sources */,
				3768145620B97DEC00C89AE7 /* UITextField+Additions.swift in Sources */,
				376814A120B9CFA400C89AE7 /* RestaurantResponseItem.swift in Sources */,
				376814A520B9CFA400C89AE7 /* Request.swift in Sources */,
				376814B020B9D80C00C89AE7 /* RestaurantsRequestParams.swift in Sources */,
				3716F57F20BA8FFB008BA3EA /* ReusableView.swift in Sources */,
				3768143B20B9550E00C89AE7 /* Navigator.swift in Sources */,
				3768149E20B9CFA400C89AE7 /* Commons.swift in Sources */,
				376814BC20B9E69000C89AE7 /* ResultsPresenter.swift in Sources */,
				3768143F20B9572900C89AE7 /* SearchPresenter.swift in Sources */,
				3768143020B9529500C89AE7 /* Coordinator.swift in Sources */,
				3768144820B959D800C89AE7 /* Fonts.swift in Sources */,
				3768140820B9479E00C89AE7 /* AppDelegate.swift in Sources */,
				376814A220B9CFA400C89AE7 /* NetworkServiceProtocol.swift in Sources */,
				376814A920B9D0D800C89AE7 /* String+Additions.swift in Sources */,
				3768145D20B993FA00C89AE7 /* LocationService.swift in Sources */,
				376814BE20B9E6DE00C89AE7 /* ResultsViewInputOutput.swift in Sources */,
				376814B220B9D83B00C89AE7 /* JSONSerializable.swift in Sources */,
				376814AE20B9D17600C89AE7 /* AppService.swift in Sources */,
				376814B420B9E4B000C89AE7 /* SearchFlowDelegate.swift in Sources */,
				3768144E20B95B7200C89AE7 /* ViewControllerFactory.swift in Sources */,
				3768147020B9CECD00C89AE7 /* RestaurantsService.swift in Sources */,
			);
			runOnlyForDeploymentPostprocessing = 0;
		};
		3768141420B9479F00C89AE7 /* Sources */ = {
			isa = PBXSourcesBuildPhase;
			buildActionMask = 2147483647;
			files = (
				3768141D20B9479F00C89AE7 /* EatterTests.swift in Sources */,
			);
			runOnlyForDeploymentPostprocessing = 0;
		};
/* End PBXSourcesBuildPhase section */

/* Begin PBXTargetDependency section */
		3768141A20B9479F00C89AE7 /* PBXTargetDependency */ = {
			isa = PBXTargetDependency;
			target = 3768140320B9479E00C89AE7 /* Eatter */;
			targetProxy = 3768141920B9479F00C89AE7 /* PBXContainerItemProxy */;
		};
/* End PBXTargetDependency section */

/* Begin PBXVariantGroup section */
		3768140B20B9479E00C89AE7 /* Main.storyboard */ = {
			isa = PBXVariantGroup;
			children = (
				3768140C20B9479E00C89AE7 /* Base */,
			);
			name = Main.storyboard;
			sourceTree = "<group>";
		};
		3768141020B9479F00C89AE7 /* LaunchScreen.storyboard */ = {
			isa = PBXVariantGroup;
			children = (
				3768141120B9479F00C89AE7 /* Base */,
			);
			name = LaunchScreen.storyboard;
			sourceTree = "<group>";
		};
/* End PBXVariantGroup section */

/* Begin XCBuildConfiguration section */
		3768141F20B9479F00C89AE7 /* Debug */ = {
			isa = XCBuildConfiguration;
			buildSettings = {
				ALWAYS_SEARCH_USER_PATHS = NO;
				CLANG_ANALYZER_NONNULL = YES;
				CLANG_ANALYZER_NUMBER_OBJECT_CONVERSION = YES_AGGRESSIVE;
				CLANG_CXX_LANGUAGE_STANDARD = "gnu++14";
				CLANG_CXX_LIBRARY = "libc++";
				CLANG_ENABLE_MODULES = YES;
				CLANG_ENABLE_OBJC_ARC = YES;
				CLANG_ENABLE_OBJC_WEAK = YES;
				CLANG_WARN_BLOCK_CAPTURE_AUTORELEASING = YES;
				CLANG_WARN_BOOL_CONVERSION = YES;
				CLANG_WARN_COMMA = YES;
				CLANG_WARN_CONSTANT_CONVERSION = YES;
				CLANG_WARN_DEPRECATED_OBJC_IMPLEMENTATIONS = YES;
				CLANG_WARN_DIRECT_OBJC_ISA_USAGE = YES_ERROR;
				CLANG_WARN_DOCUMENTATION_COMMENTS = YES;
				CLANG_WARN_EMPTY_BODY = YES;
				CLANG_WARN_ENUM_CONVERSION = YES;
				CLANG_WARN_INFINITE_RECURSION = YES;
				CLANG_WARN_INT_CONVERSION = YES;
				CLANG_WARN_NON_LITERAL_NULL_CONVERSION = YES;
				CLANG_WARN_OBJC_IMPLICIT_RETAIN_SELF = YES;
				CLANG_WARN_OBJC_LITERAL_CONVERSION = YES;
				CLANG_WARN_OBJC_ROOT_CLASS = YES_ERROR;
				CLANG_WARN_RANGE_LOOP_ANALYSIS = YES;
				CLANG_WARN_STRICT_PROTOTYPES = YES;
				CLANG_WARN_SUSPICIOUS_MOVE = YES;
				CLANG_WARN_UNGUARDED_AVAILABILITY = YES_AGGRESSIVE;
				CLANG_WARN_UNREACHABLE_CODE = YES;
				CLANG_WARN__DUPLICATE_METHOD_MATCH = YES;
				CODE_SIGN_IDENTITY = "iPhone Developer";
				COPY_PHASE_STRIP = NO;
				DEBUG_INFORMATION_FORMAT = dwarf;
				ENABLE_STRICT_OBJC_MSGSEND = YES;
				ENABLE_TESTABILITY = YES;
				GCC_C_LANGUAGE_STANDARD = gnu11;
				GCC_DYNAMIC_NO_PIC = NO;
				GCC_NO_COMMON_BLOCKS = YES;
				GCC_OPTIMIZATION_LEVEL = 0;
				GCC_PREPROCESSOR_DEFINITIONS = (
					"DEBUG=1",
					"$(inherited)",
				);
				GCC_WARN_64_TO_32_BIT_CONVERSION = YES;
				GCC_WARN_ABOUT_RETURN_TYPE = YES_ERROR;
				GCC_WARN_UNDECLARED_SELECTOR = YES;
				GCC_WARN_UNINITIALIZED_AUTOS = YES_AGGRESSIVE;
				GCC_WARN_UNUSED_FUNCTION = YES;
				GCC_WARN_UNUSED_VARIABLE = YES;
				IPHONEOS_DEPLOYMENT_TARGET = 11.3;
				MTL_ENABLE_DEBUG_INFO = YES;
				ONLY_ACTIVE_ARCH = YES;
				SDKROOT = iphoneos;
				SWIFT_ACTIVE_COMPILATION_CONDITIONS = DEBUG;
				SWIFT_OPTIMIZATION_LEVEL = "-Onone";
			};
			name = Debug;
		};
		3768142020B9479F00C89AE7 /* Release */ = {
			isa = XCBuildConfiguration;
			buildSettings = {
				ALWAYS_SEARCH_USER_PATHS = NO;
				CLANG_ANALYZER_NONNULL = YES;
				CLANG_ANALYZER_NUMBER_OBJECT_CONVERSION = YES_AGGRESSIVE;
				CLANG_CXX_LANGUAGE_STANDARD = "gnu++14";
				CLANG_CXX_LIBRARY = "libc++";
				CLANG_ENABLE_MODULES = YES;
				CLANG_ENABLE_OBJC_ARC = YES;
				CLANG_ENABLE_OBJC_WEAK = YES;
				CLANG_WARN_BLOCK_CAPTURE_AUTORELEASING = YES;
				CLANG_WARN_BOOL_CONVERSION = YES;
				CLANG_WARN_COMMA = YES;
				CLANG_WARN_CONSTANT_CONVERSION = YES;
				CLANG_WARN_DEPRECATED_OBJC_IMPLEMENTATIONS = YES;
				CLANG_WARN_DIRECT_OBJC_ISA_USAGE = YES_ERROR;
				CLANG_WARN_DOCUMENTATION_COMMENTS = YES;
				CLANG_WARN_EMPTY_BODY = YES;
				CLANG_WARN_ENUM_CONVERSION = YES;
				CLANG_WARN_INFINITE_RECURSION = YES;
				CLANG_WARN_INT_CONVERSION = YES;
				CLANG_WARN_NON_LITERAL_NULL_CONVERSION = YES;
				CLANG_WARN_OBJC_IMPLICIT_RETAIN_SELF = YES;
				CLANG_WARN_OBJC_LITERAL_CONVERSION = YES;
				CLANG_WARN_OBJC_ROOT_CLASS = YES_ERROR;
				CLANG_WARN_RANGE_LOOP_ANALYSIS = YES;
				CLANG_WARN_STRICT_PROTOTYPES = YES;
				CLANG_WARN_SUSPICIOUS_MOVE = YES;
				CLANG_WARN_UNGUARDED_AVAILABILITY = YES_AGGRESSIVE;
				CLANG_WARN_UNREACHABLE_CODE = YES;
				CLANG_WARN__DUPLICATE_METHOD_MATCH = YES;
				CODE_SIGN_IDENTITY = "iPhone Developer";
				COPY_PHASE_STRIP = NO;
				DEBUG_INFORMATION_FORMAT = "dwarf-with-dsym";
				ENABLE_NS_ASSERTIONS = NO;
				ENABLE_STRICT_OBJC_MSGSEND = YES;
				GCC_C_LANGUAGE_STANDARD = gnu11;
				GCC_NO_COMMON_BLOCKS = YES;
				GCC_WARN_64_TO_32_BIT_CONVERSION = YES;
				GCC_WARN_ABOUT_RETURN_TYPE = YES_ERROR;
				GCC_WARN_UNDECLARED_SELECTOR = YES;
				GCC_WARN_UNINITIALIZED_AUTOS = YES_AGGRESSIVE;
				GCC_WARN_UNUSED_FUNCTION = YES;
				GCC_WARN_UNUSED_VARIABLE = YES;
				IPHONEOS_DEPLOYMENT_TARGET = 11.3;
				MTL_ENABLE_DEBUG_INFO = NO;
				SDKROOT = iphoneos;
				SWIFT_COMPILATION_MODE = wholemodule;
				SWIFT_OPTIMIZATION_LEVEL = "-O";
				VALIDATE_PRODUCT = YES;
			};
			name = Release;
		};
		3768142220B9479F00C89AE7 /* Debug */ = {
			isa = XCBuildConfiguration;
			buildSettings = {
				ASSETCATALOG_COMPILER_APPICON_NAME = AppIcon;
				CODE_SIGN_STYLE = Automatic;
				DEVELOPMENT_TEAM = 4PR4N2FLE7;
				INFOPLIST_FILE = Eatter/Resources/Info.plist;
				IPHONEOS_DEPLOYMENT_TARGET = 11.0;
				LD_RUNPATH_SEARCH_PATHS = (
					"$(inherited)",
					"@executable_path/Frameworks",
				);
				PRODUCT_BUNDLE_IDENTIFIER = com.igorsavynskyi.Eatter;
				PRODUCT_NAME = "$(TARGET_NAME)";
				SWIFT_VERSION = 4.0;
				TARGETED_DEVICE_FAMILY = 1;
			};
			name = Debug;
		};
		3768142320B9479F00C89AE7 /* Release */ = {
			isa = XCBuildConfiguration;
			buildSettings = {
				ASSETCATALOG_COMPILER_APPICON_NAME = AppIcon;
				CODE_SIGN_STYLE = Automatic;
				DEVELOPMENT_TEAM = 4PR4N2FLE7;
				INFOPLIST_FILE = Eatter/Resources/Info.plist;
				IPHONEOS_DEPLOYMENT_TARGET = 11.0;
				LD_RUNPATH_SEARCH_PATHS = (
					"$(inherited)",
					"@executable_path/Frameworks",
				);
				PRODUCT_BUNDLE_IDENTIFIER = com.igorsavynskyi.Eatter;
				PRODUCT_NAME = "$(TARGET_NAME)";
				SWIFT_VERSION = 4.0;
				TARGETED_DEVICE_FAMILY = 1;
			};
			name = Release;
		};
		3768142520B9479F00C89AE7 /* Debug */ = {
			isa = XCBuildConfiguration;
			buildSettings = {
				ALWAYS_EMBED_SWIFT_STANDARD_LIBRARIES = YES;
				BUNDLE_LOADER = "$(TEST_HOST)";
				CODE_SIGN_STYLE = Automatic;
				DEVELOPMENT_TEAM = EAGAM5LW4V;
				INFOPLIST_FILE = EatterTests/Info.plist;
				LD_RUNPATH_SEARCH_PATHS = (
					"$(inherited)",
					"@executable_path/Frameworks",
					"@loader_path/Frameworks",
				);
				PRODUCT_BUNDLE_IDENTIFIER = com.igorsavynskyi.EatterTests;
				PRODUCT_NAME = "$(TARGET_NAME)";
				SWIFT_VERSION = 4.0;
				TARGETED_DEVICE_FAMILY = "1,2";
				TEST_HOST = "$(BUILT_PRODUCTS_DIR)/Eatter.app/Eatter";
			};
			name = Debug;
		};
		3768142620B9479F00C89AE7 /* Release */ = {
			isa = XCBuildConfiguration;
			buildSettings = {
				ALWAYS_EMBED_SWIFT_STANDARD_LIBRARIES = YES;
				BUNDLE_LOADER = "$(TEST_HOST)";
				CODE_SIGN_STYLE = Automatic;
				DEVELOPMENT_TEAM = EAGAM5LW4V;
				INFOPLIST_FILE = EatterTests/Info.plist;
				LD_RUNPATH_SEARCH_PATHS = (
					"$(inherited)",
					"@executable_path/Frameworks",
					"@loader_path/Frameworks",
				);
				PRODUCT_BUNDLE_IDENTIFIER = com.igorsavynskyi.EatterTests;
				PRODUCT_NAME = "$(TARGET_NAME)";
				SWIFT_VERSION = 4.0;
				TARGETED_DEVICE_FAMILY = "1,2";
				TEST_HOST = "$(BUILT_PRODUCTS_DIR)/Eatter.app/Eatter";
			};
			name = Release;
		};
/* End XCBuildConfiguration section */

/* Begin XCConfigurationList section */
		376813FF20B9479E00C89AE7 /* Build configuration list for PBXProject "Eatter" */ = {
			isa = XCConfigurationList;
			buildConfigurations = (
				3768141F20B9479F00C89AE7 /* Debug */,
				3768142020B9479F00C89AE7 /* Release */,
			);
			defaultConfigurationIsVisible = 0;
			defaultConfigurationName = Release;
		};
		3768142120B9479F00C89AE7 /* Build configuration list for PBXNativeTarget "Eatter" */ = {
			isa = XCConfigurationList;
			buildConfigurations = (
				3768142220B9479F00C89AE7 /* Debug */,
				3768142320B9479F00C89AE7 /* Release */,
			);
			defaultConfigurationIsVisible = 0;
			defaultConfigurationName = Release;
		};
		3768142420B9479F00C89AE7 /* Build configuration list for PBXNativeTarget "EatterTests" */ = {
			isa = XCConfigurationList;
			buildConfigurations = (
				3768142520B9479F00C89AE7 /* Debug */,
				3768142620B9479F00C89AE7 /* Release */,
			);
			defaultConfigurationIsVisible = 0;
			defaultConfigurationName = Release;
		};
/* End XCConfigurationList section */
	};
	rootObject = 376813FC20B9479E00C89AE7 /* Project object */;
}
